
Microsoft Visual Studio Solution File, Format Version 12.00
# Visual Studio Version 17
VisualStudioVersion = 17.11.35219.272
MinimumVisualStudioVersion = 10.0.40219.1
Project("{FAE04EC0-301F-11D3-BF4B-00C04F79EFBC}") = "Maze", "Maze\Maze.csproj", "{F0D009D1-4806-43A7-B2B7-C6D853F3C657}"
EndProject
Global
	GlobalSection(SolutionConfigurationPlatforms) = preSolution
		Debug|Any CPU = Debug|Any CPU
		Release|Any CPU = Release|Any CPU
	EndGlobalSection
	GlobalSection(ProjectConfigurationPlatforms) = postSolution
		{F0D009D1-4806-43A7-B2B7-C6D853F3C657}.Debug|Any CPU.ActiveCfg = Debug|Any CPU
		{F0D009D1-4806-43A7-B2B7-C6D853F3C657}.Debug|Any CPU.Build.0 = Debug|Any CPU
		{F0D009D1-4806-43A7-B2B7-C6D853F3C657}.Release|Any CPU.ActiveCfg = Release|Any CPU
		{F0D009D1-4806-43A7-B2B7-C6D853F3C657}.Release|Any CPU.Build.0 = Release|Any CPU
	EndGlobalSection
	GlobalSection(SolutionProperties) = preSolution
		HideSolutionNode = FALSE
	EndGlobalSection
	GlobalSection(ExtensibilityGlobals) = postSolution
		SolutionGuid = {8D4897F3-49BE-4AB8-811E-954799A77EA1}
	EndGlobalSection
EndGlobal
